
Microsoft Visual Studio Solution File, Format Version 12.00
# Visual Studio 15
VisualStudioVersion = 15.0.26730.12
MinimumVisualStudioVersion = 10.0.40219.1
Project("{FAE04EC0-301F-11D3-BF4B-00C04F79EFBC}") = "StopWatch", "UI\StopWatch.csproj", "{0CC6887D-84E4-4E6C-B083-17E29EF4D0CC}"
EndProject
Project("{54435603-DBB4-11D2-8724-00A0C9A8B90C}") = "Setup", "Setup\Setup.vdproj", "{EE86E48E-4DF9-411C-84A1-4186BE7B2F42}"
EndProject
Global
	GlobalSection(SolutionConfigurationPlatforms) = preSolution
		Debug|Any CPU = Debug|Any CPU
		Release|Any CPU = Release|Any CPU
	EndGlobalSection
	GlobalSection(ProjectConfigurationPlatforms) = postSolution
		{0CC6887D-84E4-4E6C-B083-17E29EF4D0CC}.Debug|Any CPU.ActiveCfg = Debug|Any CPU
		{0CC6887D-84E4-4E6C-B083-17E29EF4D0CC}.Debug|Any CPU.Build.0 = Debug|Any CPU
		{0CC6887D-84E4-4E6C-B083-17E29EF4D0CC}.Release|Any CPU.ActiveCfg = Release|Any CPU
		{0CC6887D-84E4-4E6C-B083-17E29EF4D0CC}.Release|Any CPU.Build.0 = Release|Any CPU
		{EE86E48E-4DF9-411C-84A1-4186BE7B2F42}.Debug|Any CPU.ActiveCfg = Debug
		{EE86E48E-4DF9-411C-84A1-4186BE7B2F42}.Release|Any CPU.ActiveCfg = Release
	EndGlobalSection
	GlobalSection(SolutionProperties) = preSolution
		HideSolutionNode = FALSE
	EndGlobalSection
	GlobalSection(ExtensibilityGlobals) = postSolution
		SolutionGuid = {B6F1DBE3-7209-4FF9-B091-9C182AB55EF7}
	EndGlobalSection
EndGlobal
