{\rtf1\ansi\fbidis\ansicpg1252\deff0\fromhtml1{\fonttbl{\f0\fswiss\fcharset0 Times New Roman;}{\f1\fswiss\fcharset2 Symbol;}}
{\colortbl;\red192\green192\blue192;}
{\*\generator Microsoft Exchange Server;}
{\*\formatConverter converted from html;}
\viewkind5\viewscale100
\htmlrtf{\*\bkmkstart BM_BEGIN}\htmlrtf0{\*\htmltag64}{\*\htmltag0 <html><head><meta http-equiv="Content-Type" content="text/html; charset=iso-8859-1"></Head><body><b>}\pard
\plain\f0\htmlrtf{\b\htmlrtf0 This is the test SPAM message body{\*\htmltag0 </B>}\htmlrtf}\htmlrtf0{\*\htmltag0 <br>}
\htmlrtf0{\*\htmltag0\par}{\*\htmltag0 <br>}
\htmlrtf0{\*\htmltag0\par}ha ha ha{\*\htmltag0 </Body>}\htmlrtf}\htmlrtf0{\*\htmltag0 }{\*\htmltag0 </Html>}}


{\rtf1\ansi\fbidis\ansicpg1252\deff0\fromhtml1{\fonttbl{\f0\fswiss\fcharset0 Times New Roman;}{\f1\fswiss\fcharset2 Symbol;}}
{\colortbl;\red192\green192\blue192;}
{\*\generator Microsoft Exchange Server;}
{\*\formatConverter converted from html;}
\viewkind5\viewscale100
\htmlrtf{\*\bkmkstart BM_BEGIN}\htmlrtf0{\*\htmltag64}{\*\htmltag0 <html><head><meta http-equiv="Content-Type" content="text/html; charset=iso-8859-1"></Head><body><pre><b>}\pard
\plain\f0\htmlrtf{\b\htmlrtf0 This      is the test SPAM message     body{\*\htmltag0 </B>}\htmlrtf}\htmlrtf0{\*\htmltag0 <br><br>}\htmlrtf{\line
\htmlrtf0{\*\htmltag0\par}      ha ha ha{\*\htmltag0 </Pre></Body>}\htmlrtf}\htmlrtf0{\*\htmltag0 }{\*\htmltag0 </Html>}}



{\rtf1\ansi\fbidis\ansicpg1252\deff0\fromhtml1{\fonttbl{\f0\fswiss\fcharset0 Times New Roman;}{\f1\fswiss\fcharset2 Symbol;}{\f2
\fswiss\fcharset0 Courier New;}}
{\colortbl;\red192\green192\blue192;}
{\*\generator Microsoft Exchange Server;}
{\*\formatConverter converted from html;}
\viewkind5\viewscale100
\htmlrtf{\*\bkmkstart BM_BEGIN}\htmlrtf0{\*\htmltag64}{\*\htmltag0 <html><head><meta http-equiv="Content-Type" content="text/html; charset=iso-8859-1"></Head><body><pre>}{\*\htmltag0 <b>}\pard
\plain\htmlrtf{\f2\b\htmlrtf0  This      is the test SPAM message     body{\*\htmltag0 </B></Pre>}\htmlrtf}\htmlrtf0{\*\htmltag0 <br>}\htmlrtf
{\f2\line
\htmlrtf0{\*\htmltag0\par}{\*\htmltag0 <br>}\htmlrtf}{\f2\line
\htmlrtf0{\*\htmltag0\par}      ha ha ha{\*\htmltag0}\htmlrtf}\htmlrtf0{\*\htmltag0 }{\*\htmltag0 </Body>}{\*\htmltag0 </Html>}}




{\rtf1\ansi\fbidis\ansicpg1252\deff0\fromhtml1{\fonttbl{\f0\fswiss\fcharset0 Times New Roman;}{\f1\fswiss\fcharset2 Symbol;}}
{\colortbl;\red192\green192\blue192;}
{\*\generator Microsoft Exchange Server;}
{\*\formatConverter converted from html;}
\viewkind5\viewscale100
\htmlrtf{\*\bkmkstart BM_BEGIN}\htmlrtf0{\*\htmltag64}{\*\htmltag0 <html><head><meta http-equiv="Content-Type" content="text/html; charset=iso-8859-1"></Head><body><b>}\pard
\plain\f0\htmlrtf{\b\htmlrtf0 This is the test SPAM message body{\*\htmltag0 </B>}\htmlrtf}\htmlrtf0{\*\htmltag0 <br>}\htmlrtf{\line
\htmlrtf0{\*\htmltag0\par}{\*\htmltag0 <br>}\htmlrtf}{\line
\htmlrtf0{\*\htmltag0\par}ha ha ha{\*\htmltag0 </Body>}\htmlrtf}\htmlrtf0{\*\htmltag0 }{\*\htmltag0 </Html>}}